
Microsoft Visual Studio Solution File, Format Version 12.00
# Visual Studio 15
VisualStudioVersion = 15.0.27428.2043
MinimumVisualStudioVersion = 10.0.40219.1
Project("{9A19103F-16F7-4668-BE54-9A1E7A4F7556}") = "DevSitesIndex", "DevSitesIndex\DevSitesIndex.csproj", "{DCF67850-1EC6-4874-8FA6-0F3E7CA46228}"
EndProject
Global
	GlobalSection(SolutionConfigurationPlatforms) = preSolution
		Debug|Any CPU = Debug|Any CPU
		Release|Any CPU = Release|Any CPU
	EndGlobalSection
	GlobalSection(ProjectConfigurationPlatforms) = postSolution
		{DCF67850-1EC6-4874-8FA6-0F3E7CA46228}.Debug|Any CPU.ActiveCfg = Debug|Any CPU
		{DCF67850-1EC6-4874-8FA6-0F3E7CA46228}.Debug|Any CPU.Build.0 = Debug|Any CPU
		{DCF67850-1EC6-4874-8FA6-0F3E7CA46228}.Release|Any CPU.ActiveCfg = Release|Any CPU
		{DCF67850-1EC6-4874-8FA6-0F3E7CA46228}.Release|Any CPU.Build.0 = Release|Any CPU
	EndGlobalSection
	GlobalSection(SolutionProperties) = preSolution
		HideSolutionNode = FALSE
	EndGlobalSection
	GlobalSection(ExtensibilityGlobals) = postSolution
		SolutionGuid = {ECFF0B00-9351-41F2-8DC1-421F24C6D716}
	EndGlobalSection
EndGlobal
